Microsoft Visual Studio Solution File, Format Version 12.00
# Visual Studio Version 17
VisualStudioVersion = 17.8.34330.188
MinimumVisualStudioVersion = 10.0.40219.1
Project("{9A19103F-16F7-32B4-A0A8-0DF0A0B1A5B0}") = "KeySecBox", "KeySecBox.csproj", "{5C9E1B74-3A62-4E88-9F0D-6B2A7C41D0E5}"
EndProject
Global
	GlobalSection(SolutionConfigurationPlatforms) = preSolution
		Debug|x64 = Debug|x64
		Release|x64 = Release|x64
	EndGlobalSection
	GlobalSection(ProjectConfigurationPlatforms) = postSolution
		{5C9E1B74-3A62-4E88-9F0D-6B2A7C41D0E5}.Debug|x64.ActiveCfg = Debug|x64
		{5C9E1B74-3A62-4E88-9F0D-6B2A7C41D0E5}.Debug|x64.Build.0 = Debug|x64
		{5C9E1B74-3A62-4E88-9F0D-6B2A7C41D0E5}.Release|x64.ActiveCfg = Release|x64
		{5C9E1B74-3A62-4E88-9F0D-6B2A7C41D0E5}.Release|x64.Build.0 = Release|x64
	EndGlobalSection
	GlobalSection(SolutionProperties) = preSolution
		HideSolutionNode = FALSE
	EndGlobalSection
	GlobalSection(ExtensibilityGlobals) = postSolution
		SolutionGuid = {9D4A1E2F-7C58-4B36-A0D1-28E5F6C39B74}
	EndGlobalSection
EndGlobal
